
Microsoft Visual Studio Solution File, Format Version 12.00
# Visual Studio 14
VisualStudioVersion = 14.0.25420.1
MinimumVisualStudioVersion = 10.0.40219.1
Project("{FAE04EC0-301F-11D3-BF4B-00C04F79EFBC}") = "EuchreTime.Core", "EuchreTime.Core\EuchreTime.Core.csproj", "{9E3BED6F-DA59-491E-A2F1-91CCDC7D19A0}"
EndProject
Project("{FAE04EC0-301F-11D3-BF4B-00C04F79EFBC}") = "EuchreTime.Console", "EuchreTime.Console\EuchreTime.Console.csproj", "{F35A1202-A7F8-4DF2-AD02-100947B5DAD7}"
EndProject
Project("{FAE04EC0-301F-11D3-BF4B-00C04F79EFBC}") = "EuchreTime.Tests", "EuchreTime.Tests\EuchreTime.Tests.csproj", "{23A91A0F-578D-470F-972D-187DE598D135}"
EndProject
Global
	GlobalSection(SolutionConfigurationPlatforms) = preSolution
		Debug|Any CPU = Debug|Any CPU
		Release|Any CPU = Release|Any CPU
	EndGlobalSection
	GlobalSection(ProjectConfigurationPlatforms) = postSolution
		{9E3BED6F-DA59-491E-A2F1-91CCDC7D19A0}.Debug|Any CPU.ActiveCfg = Debug|Any CPU
		{9E3BED6F-DA59-491E-A2F1-91CCDC7D19A0}.Debug|Any CPU.Build.0 = Debug|Any CPU
		{9E3BED6F-DA59-491E-A2F1-91CCDC7D19A0}.Release|Any CPU.ActiveCfg = Release|Any CPU
		{9E3BED6F-DA59-491E-A2F1-91CCDC7D19A0}.Release|Any CPU.Build.0 = Release|Any CPU
		{F35A1202-A7F8-4DF2-AD02-100947B5DAD7}.Debug|Any CPU.ActiveCfg = Debug|Any CPU
		{F35A1202-A7F8-4DF2-AD02-100947B5DAD7}.Debug|Any CPU.Build.0 = Debug|Any CPU
		{F35A1202-A7F8-4DF2-AD02-100947B5DAD7}.Release|Any CPU.ActiveCfg = Release|Any CPU
		{F35A1202-A7F8-4DF2-AD02-100947B5DAD7}.Release|Any CPU.Build.0 = Release|Any CPU
		{23A91A0F-578D-470F-972D-187DE598D135}.Debug|Any CPU.ActiveCfg = Debug|Any CPU
		{23A91A0F-578D-470F-972D-187DE598D135}.Debug|Any CPU.Build.0 = Debug|Any CPU
		{23A91A0F-578D-470F-972D-187DE598D135}.Release|Any CPU.ActiveCfg = Release|Any CPU
		{23A91A0F-578D-470F-972D-187DE598D135}.Release|Any CPU.Build.0 = Release|Any CPU
	EndGlobalSection
	GlobalSection(SolutionProperties) = preSolution
		HideSolutionNode = FALSE
	EndGlobalSection
EndGlobal
